
Microsoft Visual Studio Solution File, Format Version 12.00
# Visual Studio Version 17
VisualStudioVersion = 17.2.32630.192
MinimumVisualStudioVersion = 10.0.40219.1
Project("{FAE04EC0-301F-11D3-BF4B-00C04F79EFBC}") = "HealthSystem2", "HealthSystem2.csproj", "{FEFE767D-8004-4F14-9388-252F7270600E}"
EndProject
Global
	GlobalSection(SolutionConfigurationPlatforms) = preSolution
		Debug|Any CPU = Debug|Any CPU
		Release|Any CPU = Release|Any CPU
	EndGlobalSection
	GlobalSection(ProjectConfigurationPlatforms) = postSolution
		{FEFE767D-8004-4F14-9388-252F7270600E}.Debug|Any CPU.ActiveCfg = Debug|Any CPU
		{FEFE767D-8004-4F14-9388-252F7270600E}.Debug|Any CPU.Build.0 = Debug|Any CPU
		{FEFE767D-8004-4F14-9388-252F7270600E}.Release|Any CPU.ActiveCfg = Release|Any CPU
		{FEFE767D-8004-4F14-9388-252F7270600E}.Release|Any CPU.Build.0 = Release|Any CPU
	EndGlobalSection
	GlobalSection(SolutionProperties) = preSolution
		HideSolutionNode = FALSE
	EndGlobalSection
	GlobalSection(ExtensibilityGlobals) = postSolution
		SolutionGuid = {D18F2679-A5AD-4F71-B0CB-D761244C3079}
	EndGlobalSection
EndGlobal
